// !$*UTF8*$!
{
	archiveVersion = 1;
	classes = {
	};
	objectVersion = 46;
	objects = {

/* Begin PBXBuildFile section */
		0A761C79172EAC5900B2A609 /* UIKit.framework in Frameworks */ = {isa = PBXBuildFile; fileRef = 0A761C78172EAC5900B2A609 /* UIKit.framework */; };
		0A761C7B172EAC5900B2A609 /* Foundation.framework in Frameworks */ = {isa = PBXBuildFile; fileRef = 0A761C7A172EAC5900B2A609 /* Foundation.framework */; };
		0A761C7D172EAC5900B2A609 /* CoreGraphics.framework in Frameworks */ = {isa = PBXBuildFile; fileRef = 0A761C7C172EAC5900B2A609 /* CoreGraphics.framework */; };
		0A761C83172EAC5900B2A609 /* InfoPlist.strings in Resources */ = {isa = PBXBuildFile; fileRef = 0A761C81172EAC5900B2A609 /* InfoPlist.strings */; };
		0A761C85172EAC5900B2A609 /* main.m in Sources */ = {isa = PBXBuildFile; fileRef = 0A761C84172EAC5900B2A609 /* main.m */; };
		0A761C89172EAC5900B2A609 /* AppDelegate.m in Sources */ = {isa = PBXBuildFile; fileRef = 0A761C88172EAC5900B2A609 /* AppDelegate.m */; };
		0A761C8B172EAC5900B2A609 /* Default.png in Resources */ = {isa = PBXBuildFile; fileRef = 0A761C8A172EAC5900B2A609 /* Default.png */; };
		0A761C8D172EAC5900B2A609 /* Default@2x.png in Resources */ = {isa = PBXBuildFile; fileRef = 0A761C8C172EAC5900B2A609 /* Default@2x.png */; };
		0A761C8F172EAC5900B2A609 /* Default-568h@2x.png in Resources */ = {isa = PBXBuildFile; fileRef = 0A761C8E172EAC5900B2A609 /* Default-568h@2x.png */; };
		0A761C97172EAF7F00B2A609 /* ExampleViewController.m in Sources */ = {isa = PBXBuildFile; fileRef = 0A761C96172EAF7F00B2A609 /* ExampleViewController.m */; };
		0A761C9B172ED17B00B2A609 /* IntroControll.m in Sources */ = {isa = PBXBuildFile; fileRef = 0A761C9A172ED17B00B2A609 /* IntroControll.m */; };
		0A761C9E172ED1D600B2A609 /* IntroModel.m in Sources */ = {isa = PBXBuildFile; fileRef = 0A761C9D172ED1D600B2A609 /* IntroModel.m */; };
		0A761CA6172EEE0300B2A609 /* image2@2x.jpg in Resources */ = {isa = PBXBuildFile; fileRef = 0A761CA5172EEE0300B2A609 /* image2@2x.jpg */; };
		0A761CA8172EEE0900B2A609 /* image3@2x.jpg in Resources */ = {isa = PBXBuildFile; fileRef = 0A761CA7172EEE0900B2A609 /* image3@2x.jpg */; };
		0A761CAB172EF75800B2A609 /* IntroView.m in Sources */ = {isa = PBXBuildFile; fileRef = 0A761CAA172EF75800B2A609 /* IntroView.m */; };
		0A761CAD172F036C00B2A609 /* image1@2x.jpg in Resources */ = {isa = PBXBuildFile; fileRef = 0A761CAC172F036C00B2A609 /* image1@2x.jpg */; };
		0A761CB3172F075900B2A609 /* shadow@2x.png in Resources */ = {isa = PBXBuildFile; fileRef = 0A761CB2172F075900B2A609 /* shadow@2x.png */; };
		B0400FAB175F25BB005E828A /* voadata.sqlite in Resources */ = {isa = PBXBuildFile; fileRef = B0400FA8175F25BB005E828A /* voadata.sqlite */; };
		B0400FAC175F25BB005E828A /* WORDS.sqlite in Resources */ = {isa = PBXBuildFile; fileRef = B0400FA9175F25BB005E828A /* WORDS.sqlite */; };
		B0400FAD175F25BB005E828A /* favvoadata.sqlite in Resources */ = {isa = PBXBuildFile; fileRef = B0400FAA175F25BB005E828A /* favvoadata.sqlite */; };
		B0400FB3175F5502005E828A /* MyTopView.m in Sources */ = {isa = PBXBuildFile; fileRef = B0400FB2175F5502005E828A /* MyTopView.m */; };
		B0400FB6175F551F005E828A /* MyBottomView.m in Sources */ = {isa = PBXBuildFile; fileRef = B0400FB5175F551F005E828A /* MyBottomView.m */; };
		B0400FB8175F5536005E828A /* MyBottomView.xib in Resources */ = {isa = PBXBuildFile; fileRef = B0400FB7175F5536005E828A /* MyBottomView.xib */; };
		B0400FBA175F5636005E828A /* MyTopView.xib in Resources */ = {isa = PBXBuildFile; fileRef = B0400FB9175F5636005E828A /* MyTopView.xib */; };
		B0400FBD175F73AB005E828A /* playRecord.png in Resources */ = {isa = PBXBuildFile; fileRef = B0400FBB175F73AB005E828A /* playRecord.png */; };
		B0400FBE175F73AB005E828A /* playRecord@2x.png in Resources */ = {isa = PBXBuildFile; fileRef = B0400FBC175F73AB005E828A /* playRecord@2x.png */; };
		B0855808176EAC7500247C66 /* liverpool@2x.jpg in Resources */ = {isa = PBXBuildFile; fileRef = B0855802176EAC7500247C66 /* liverpool@2x.jpg */; };
		B0855809176EAC7500247C66 /* newyork@2x.jpg in Resources */ = {isa = PBXBuildFile; fileRef = B0855803176EAC7500247C66 /* newyork@2x.jpg */; };
		B085580A176EAC7500247C66 /* rome@2x.jpg in Resources */ = {isa = PBXBuildFile; fileRef = B0855804176EAC7500247C66 /* rome@2x.jpg */; };
		B085580B176EAC7500247C66 /* venice@2x.jpg in Resources */ = {isa = PBXBuildFile; fileRef = B0855805176EAC7500247C66 /* venice@2x.jpg */; };
		B085580C176EAC7500247C66 /* vientiane@2x.jpg in Resources */ = {isa = PBXBuildFile; fileRef = B0855806176EAC7500247C66 /* vientiane@2x.jpg */; };
		B085580D176EAC7500247C66 /* city@2x.jpg in Resources */ = {isa = PBXBuildFile; fileRef = B0855807176EAC7500247C66 /* city@2x.jpg */; };
		B085581C176EACA700247C66 /* btn-shadow.png in Resources */ = {isa = PBXBuildFile; fileRef = B085580F176EACA700247C66 /* btn-shadow.png */; };
		B085581D176EACA700247C66 /* btn-shadow@2x.png in Resources */ = {isa = PBXBuildFile; fileRef = B0855810176EACA700247C66 /* btn-shadow@2x.png */; };
		B085581E176EACA700247C66 /* expda-black-linen-background.png in Resources */ = {isa = PBXBuildFile; fileRef = B0855811176EACA700247C66 /* expda-black-linen-background.png */; };
		B085581F176EACA700247C66 /* expda-black-linen-background@2x.png in Resources */ = {isa = PBXBuildFile; fileRef = B0855812176EACA700247C66 /* expda-black-linen-background@2x.png */; };
		B0855820176EACA700247C66 /* expda-gray-linen-background.png in Resources */ = {isa = PBXBuildFile; fileRef = B0855813176EACA700247C66 /* expda-gray-linen-background.png */; };
		B0855821176EACA700247C66 /* expda-gray-linen-background@2x.png in Resources */ = {isa = PBXBuildFile; fileRef = B0855814176EACA700247C66 /* expda-gray-linen-background@2x.png */; };
		B0855822176EACA700247C66 /* expda-launch-background-vignette@2x.png in Resources */ = {isa = PBXBuildFile; fileRef = B0855815176EACA700247C66 /* expda-launch-background-vignette@2x.png */; };
		B0855823176EACA700247C66 /* expda-launch-btn.png in Resources */ = {isa = PBXBuildFile; fileRef = B0855816176EACA700247C66 /* expda-launch-btn.png */; };
		B0855824176EACA700247C66 /* expda-launch-btn@2x.png in Resources */ = {isa = PBXBuildFile; fileRef = B0855817176EACA700247C66 /* expda-launch-btn@2x.png */; };
		B0855825176EACA700247C66 /* expda-launch-divider-and-shadow.png in Resources */ = {isa = PBXBuildFile; fileRef = B0855818176EACA700247C66 /* expda-launch-divider-and-shadow.png */; };
		B0855826176EACA700247C66 /* expda-launch-divider-and-shadow@2x.png in Resources */ = {isa = PBXBuildFile; fileRef = B0855819176EACA700247C66 /* expda-launch-divider-and-shadow@2x.png */; };
		B0855827176EACA700247C66 /* expda-launch-linen.png in Resources */ = {isa = PBXBuildFile; fileRef = B085581A176EACA700247C66 /* expda-launch-linen.png */; };
		B0855828176EACA700247C66 /* expda-launch-linen@2x.png in Resources */ = {isa = PBXBuildFile; fileRef = B085581B176EACA700247C66 /* expda-launch-linen@2x.png */; };
		B085582D176EACCD00247C66 /* LeftCityList.plist in Resources */ = {isa = PBXBuildFile; fileRef = B085582A176EACCD00247C66 /* LeftCityList.plist */; };
		B085582E176EACCD00247C66 /* RightCityList.plist in Resources */ = {isa = PBXBuildFile; fileRef = B085582B176EACCD00247C66 /* RightCityList.plist */; };
		B085582F176EACCD00247C66 /* Geometric415Medium.ttf in Resources */ = {isa = PBXBuildFile; fileRef = B085582C176EACCD00247C66 /* Geometric415Medium.ttf */; };
		B0855839176EB3E600247C66 /* Social.framework in Frameworks */ = {isa = PBXBuildFile; fileRef = B0855838176EB3E600247C66 /* Social.framework */; };
		B0855840176F0AF700247C66 /* MoreView.xib in Resources */ = {isa = PBXBuildFile; fileRef = B085583F176F0AF600247C66 /* MoreView.xib */; };
		B0855843176F0B2000247C66 /* MoreView.m in Sources */ = {isa = PBXBuildFile; fileRef = B0855842176F0B1F00247C66 /* MoreView.m */; };
		B0855846176F0E1D00247C66 /* Constants.m in Sources */ = {isa = PBXBuildFile; fileRef = B0855845176F0E1C00247C66 /* Constants.m */; };
		B0AE3271177008E000511EE8 /* ListView.m in Sources */ = {isa = PBXBuildFile; fileRef = B0AE3270177008E000511EE8 /* ListView.m */; };
		B0AE3273177008F300511EE8 /* ListView.xib in Resources */ = {isa = PBXBuildFile; fileRef = B0AE3272177008F300511EE8 /* ListView.xib */; };
		B0AE3276177034C500511EE8 /* ListCell.m in Sources */ = {isa = PBXBuildFile; fileRef = B0AE3275177034C500511EE8 /* ListCell.m */; };
		B0AE3278177034E200511EE8 /* ListCell.xib in Resources */ = {isa = PBXBuildFile; fileRef = B0AE3277177034E100511EE8 /* ListCell.xib */; };
		B0AE327E1770664700511EE8 /* UIView+WhenTappedBlocks.m in Sources */ = {isa = PBXBuildFile; fileRef = B0AE327D1770664700511EE8 /* UIView+WhenTappedBlocks.m */; };
		B0AE3281177142E500511EE8 /* InAppSettings.bundle in Resources */ = {isa = PBXBuildFile; fileRef = B0AE3280177142E500511EE8 /* InAppSettings.bundle */; };
		B0AE32AF177143D800511EE8 /* IASKAppSettingsWebViewController.m in Sources */ = {isa = PBXBuildFile; fileRef = B0AE3289177143D700511EE8 /* IASKAppSettingsWebViewController.m */; };
		B0AE32B0177143D800511EE8 /* IASKSpecifierValuesViewController.m in Sources */ = {isa = PBXBuildFile; fileRef = B0AE328B177143D700511EE8 /* IASKSpecifierValuesViewController.m */; };
		B0AE32B1177143D800511EE8 /* IASKSettingsReader.m in Sources */ = {isa = PBXBuildFile; fileRef = B0AE328E177143D700511EE8 /* IASKSettingsReader.m */; };
		B0AE32B2177143D800511EE8 /* IASKSettingsStore.m in Sources */ = {isa = PBXBuildFile; fileRef = B0AE3290177143D700511EE8 /* IASKSettingsStore.m */; };
		B0AE32B3177143D800511EE8 /* IASKSettingsStoreFile.m in Sources */ = {isa = PBXBuildFile; fileRef = B0AE3292177143D700511EE8 /* IASKSettingsStoreFile.m */; };
		B0AE32B4177143D800511EE8 /* IASKSettingsStoreUserDefaults.m in Sources */ = {isa = PBXBuildFile; fileRef = B0AE3294177143D700511EE8 /* IASKSettingsStoreUserDefaults.m */; };
		B0AE32B5177143D800511EE8 /* IASKSpecifier.m in Sources */ = {isa = PBXBuildFile; fileRef = B0AE3296177143D700511EE8 /* IASKSpecifier.m */; };
		B0AE32B6177143D800511EE8 /* IASKPSSliderSpecifierViewCell.m in Sources */ = {isa = PBXBuildFile; fileRef = B0AE3299177143D700511EE8 /* IASKPSSliderSpecifierViewCell.m */; };
		B0AE32B7177143D800511EE8 /* IASKPSTextFieldSpecifierViewCell.m in Sources */ = {isa = PBXBuildFile; fileRef = B0AE329B177143D700511EE8 /* IASKPSTextFieldSpecifierViewCell.m */; };
		B0AE32B8177143D800511EE8 /* IASKPSTitleValueSpecifierViewCell.m in Sources */ = {isa = PBXBuildFile; fileRef = B0AE329D177143D700511EE8 /* IASKPSTitleValueSpecifierViewCell.m */; };
		B0AE32B9177143D800511EE8 /* IASKPSToggleSwitchSpecifierViewCell.m in Sources */ = {isa = PBXBuildFile; fileRef = B0AE329F177143D700511EE8 /* IASKPSToggleSwitchSpecifierViewCell.m */; };
		B0AE32BA177143D800511EE8 /* IASKSlider.m in Sources */ = {isa = PBXBuildFile; fileRef = B0AE32A1177143D700511EE8 /* IASKSlider.m */; };
		B0AE32BB177143D800511EE8 /* IASKSwitch.m in Sources */ = {isa = PBXBuildFile; fileRef = B0AE32A3177143D800511EE8 /* IASKSwitch.m */; };
		B0AE32BC177143D800511EE8 /* IASKTextField.m in Sources */ = {isa = PBXBuildFile; fileRef = B0AE32A5177143D800511EE8 /* IASKTextField.m */; };
		B0AE32BD177143D800511EE8 /* IASKAppSettingsView-iPad.xib in Resources */ = {isa = PBXBuildFile; fileRef = B0AE32A7177143D800511EE8 /* IASKAppSettingsView-iPad.xib */; };
		B0AE32BE177143D800511EE8 /* IASKAppSettingsView.xib in Resources */ = {isa = PBXBuildFile; fileRef = B0AE32A8177143D800511EE8 /* IASKAppSettingsView.xib */; };
		B0AE32BF177143D800511EE8 /* IASKAppSettingsWebView.xib in Resources */ = {isa = PBXBuildFile; fileRef = B0AE32A9177143D800511EE8 /* IASKAppSettingsWebView.xib */; };
		B0AE32C0177143D800511EE8 /* IASKPSSliderSpecifierViewCell.xib in Resources */ = {isa = PBXBuildFile; fileRef = B0AE32AA177143D800511EE8 /* IASKPSSliderSpecifierViewCell.xib */; };
		B0AE32C1177143D800511EE8 /* IASKPSTextFieldSpecifierViewCell.xib in Resources */ = {isa = PBXBuildFile; fileRef = B0AE32AB177143D800511EE8 /* IASKPSTextFieldSpecifierViewCell.xib */; };
		B0AE32C2177143D800511EE8 /* IASKPSToggleSwitchSpecifierViewCell.xib in Resources */ = {isa = PBXBuildFile; fileRef = B0AE32AC177143D800511EE8 /* IASKPSToggleSwitchSpecifierViewCell.xib */; };
		B0AE32C3177143D800511EE8 /* IASKSpecifierValuesView.xib in Resources */ = {isa = PBXBuildFile; fileRef = B0AE32AD177143D800511EE8 /* IASKSpecifierValuesView.xib */; };
		B0AE32C517714A4F00511EE8 /* MessageUI.framework in Frameworks */ = {isa = PBXBuildFile; fileRef = B0AE32C417714A4F00511EE8 /* MessageUI.framework */; };
		B0AE32C717714FE000511EE8 /* IASKAppSettingsViewController.m in Sources */ = {isa = PBXBuildFile; fileRef = B0AE32C617714FE000511EE8 /* IASKAppSettingsViewController.m */; };
		B0AFCF08175DD3E2000BE704 /* 20130501_1.jpg in Resources */ = {isa = PBXBuildFile; fileRef = B0AFCF03175DD3E1000BE704 /* 20130501_1.jpg */; };
		B0AFCF09175DD3E2000BE704 /* 20130501_2.jpg in Resources */ = {isa = PBXBuildFile; fileRef = B0AFCF04175DD3E2000BE704 /* 20130501_2.jpg */; };
		B0AFCF0A175DD3E2000BE704 /* 20130501_3.jpg in Resources */ = {isa = PBXBuildFile; fileRef = B0AFCF05175DD3E2000BE704 /* 20130501_3.jpg */; };
		B0AFCF0B175DD3E2000BE704 /* 20130501_4.jpg in Resources */ = {isa = PBXBuildFile; fileRef = B0AFCF06175DD3E2000BE704 /* 20130501_4.jpg */; };
		B0AFCF0C175DD3E2000BE704 /* 20130501_5.jpg in Resources */ = {isa = PBXBuildFile; fileRef = B0AFCF07175DD3E2000BE704 /* 20130501_5.jpg */; };
		B0AFCF12175E02AB000BE704 /* 20130501_6.jpg in Resources */ = {isa = PBXBuildFile; fileRef = B0AFCF0D175E02AA000BE704 /* 20130501_6.jpg */; };
		B0AFCF13175E02AB000BE704 /* 20130501_7.jpg in Resources */ = {isa = PBXBuildFile; fileRef = B0AFCF0E175E02AA000BE704 /* 20130501_7.jpg */; };
		B0AFCF14175E02AB000BE704 /* 20130501_8.jpg in Resources */ = {isa = PBXBuildFile; fileRef = B0AFCF0F175E02AA000BE704 /* 20130501_8.jpg */; };
		B0AFCF15175E02AB000BE704 /* 20130501_9.jpg in Resources */ = {isa = PBXBuildFile; fileRef = B0AFCF10175E02AA000BE704 /* 20130501_9.jpg */; };
		B0AFCF16175E02AB000BE704 /* 20130501_10.jpg in Resources */ = {isa = PBXBuildFile; fileRef = B0AFCF11175E02AB000BE704 /* 20130501_10.jpg */; };
/* End PBXBuildFile section */

/* Begin PBXFileReference section */
		0A761C75172EAC5900B2A609 /* VOAImage.app */ = {isa = PBXFileReference; explicitFileType = wrapper.application; includeInIndex = 0; path = VOAImage.app; sourceTree = BUILT_PRODUCTS_DIR; };
		0A761C78172EAC5900B2A609 /* UIKit.framework */ = {isa = PBXFileReference; lastKnownFileType = wrapper.framework; name = UIKit.framework; path = System/Library/Frameworks/UIKit.framework; sourceTree = SDKROOT; };
		0A761C7A172EAC5900B2A609 /* Foundation.framework */ = {isa = PBXFileReference; lastKnownFileType = wrapper.framework; name = Foundation.framework; path = System/Library/Frameworks/Foundation.framework; sourceTree = SDKROOT; };
		0A761C7C172EAC5900B2A609 /* CoreGraphics.framework */ = {isa = PBXFileReference; lastKnownFileType = wrapper.framework; name = CoreGraphics.framework; path = System/Library/Frameworks/CoreGraphics.framework; sourceTree = SDKROOT; };
		0A761C80172EAC5900B2A609 /* VOAImage-Info.plist */ = {isa = PBXFileReference; lastKnownFileType = text.plist.xml; path = "VOAImage-Info.plist"; sourceTree = "<group>"; };
		0A761C82172EAC5900B2A609 /* en */ = {isa = PBXFileReference; lastKnownFileType = text.plist.strings; name = en; path = en.lproj/InfoPlist.strings; sourceTree = "<group>"; };
		0A761C84172EAC5900B2A609 /* main.m */ = {isa = PBXFileReference; lastKnownFileType = sourcecode.c.objc; path = main.m; sourceTree = "<group>"; };
		0A761C86172EAC5900B2A609 /* VOAImage-Prefix.pch */ = {isa = PBXFileReference; lastKnownFileType = sourcecode.c.h; path = "VOAImage-Prefix.pch"; sourceTree = "<group>"; };
		0A761C87172EAC5900B2A609 /* AppDelegate.h */ = {isa = PBXFileReference; lastKnownFileType = sourcecode.c.h; path = AppDelegate.h; sourceTree = "<group>"; };
		0A761C88172EAC5900B2A609 /* AppDelegate.m */ = {isa = PBXFileReference; lastKnownFileType = sourcecode.c.objc; path = AppDelegate.m; sourceTree = "<group>"; };
		0A761C8A172EAC5900B2A609 /* Default.png */ = {isa = PBXFileReference; lastKnownFileType = image.png; path = Default.png; sourceTree = "<group>"; };
		0A761C8C172EAC5900B2A609 /* Default@2x.png */ = {isa = PBXFileReference; lastKnownFileType = image.png; path = "Default@2x.png"; sourceTree = "<group>"; };
		0A761C8E172EAC5900B2A609 /* Default-568h@2x.png */ = {isa = PBXFileReference; lastKnownFileType = image.png; path = "Default-568h@2x.png"; sourceTree = "<group>"; };
		0A761C95172EAF7F00B2A609 /* ExampleViewController.h */ = {isa = PBXFileReference; fileEncoding = 4; lastKnownFileType = sourcecode.c.h; path = ExampleViewController.h; sourceTree = "<group>"; };
		0A761C96172EAF7F00B2A609 /* ExampleViewController.m */ = {isa = PBXFileReference; fileEncoding = 4; lastKnownFileType = sourcecode.c.objc; path = ExampleViewController.m; sourceTree = "<group>"; };
		0A761C99172ED17B00B2A609 /* IntroControll.h */ = {isa = PBXFileReference; fileEncoding = 4; lastKnownFileType = sourcecode.c.h; name = IntroControll.h; path = IntroControll/IntroControll.h; sourceTree = "<group>"; };
		0A761C9A172ED17B00B2A609 /* IntroControll.m */ = {isa = PBXFileReference; fileEncoding = 4; lastKnownFileType = sourcecode.c.objc; name = IntroControll.m; path = IntroControll/IntroControll.m; sourceTree = "<group>"; };
		0A761C9C172ED1D600B2A609 /* IntroModel.h */ = {isa = PBXFileReference; fileEncoding = 4; lastKnownFileType = sourcecode.c.h; name = IntroModel.h; path = IntroControll/IntroModel.h; sourceTree = "<group>"; };
		0A761C9D172ED1D600B2A609 /* IntroModel.m */ = {isa = PBXFileReference; fileEncoding = 4; lastKnownFileType = sourcecode.c.objc; name = IntroModel.m; path = IntroControll/IntroModel.m; sourceTree = "<group>"; };
		0A761CA5172EEE0300B2A609 /* image2@2x.jpg */ = {isa = PBXFileReference; lastKnownFileType = image.jpeg; path = "image2@2x.jpg"; sourceTree = "<group>"; };
		0A761CA7172EEE0900B2A609 /* image3@2x.jpg */ = {isa = PBXFileReference; lastKnownFileType = image.jpeg; path = "image3@2x.jpg"; sourceTree = "<group>"; };
		0A761CA9172EF75800B2A609 /* IntroView.h */ = {isa = PBXFileReference; fileEncoding = 4; lastKnownFileType = sourcecode.c.h; name = IntroView.h; path = IntroControll/IntroView.h; sourceTree = "<group>"; };
		0A761CAA172EF75800B2A609 /* IntroView.m */ = {isa = PBXFileReference; fileEncoding = 4; lastKnownFileType = sourcecode.c.objc; name = IntroView.m; path = IntroControll/IntroView.m; sourceTree = "<group>"; };
		0A761CAC172F036C00B2A609 /* image1@2x.jpg */ = {isa = PBXFileReference; lastKnownFileType = image.jpeg; path = "image1@2x.jpg"; sourceTree = "<group>"; };
		0A761CB2172F075900B2A609 /* shadow@2x.png */ = {isa = PBXFileReference; lastKnownFileType = image.png; path = "shadow@2x.png"; sourceTree = "<group>"; };
		B0400FA8175F25BB005E828A /* voadata.sqlite */ = {isa = PBXFileReference; lastKnownFileType = file; path = voadata.sqlite; sourceTree = "<group>"; };
		B0400FA9175F25BB005E828A /* WORDS.sqlite */ = {isa = PBXFileReference; lastKnownFileType = file; path = WORDS.sqlite; sourceTree = "<group>"; };
		B0400FAA175F25BB005E828A /* favvoadata.sqlite */ = {isa = PBXFileReference; lastKnownFileType = file; path = favvoadata.sqlite; sourceTree = "<group>"; };
		B0400FB1175F5502005E828A /* MyTopView.h */ = {isa = PBXFileReference; fileEncoding = 4; lastKnownFileType = sourcecode.c.h; path = MyTopView.h; sourceTree = "<group>"; };
		B0400FB2175F5502005E828A /* MyTopView.m */ = {isa = PBXFileReference; fileEncoding = 4; lastKnownFileType = sourcecode.c.objc; path = MyTopView.m; sourceTree = "<group>"; };
		B0400FB4175F551F005E828A /* MyBottomView.h */ = {isa = PBXFileReference; fileEncoding = 4; lastKnownFileType = sourcecode.c.h; path = MyBottomView.h; sourceTree = "<group>"; };
		B0400FB5175F551F005E828A /* MyBottomView.m */ = {isa = PBXFileReference; fileEncoding = 4; lastKnownFileType = sourcecode.c.objc; path = MyBottomView.m; sourceTree = "<group>"; };
		B0400FB7175F5536005E828A /* MyBottomView.xib */ = {isa = PBXFileReference; fileEncoding = 4; lastKnownFileType = file.xib; path = MyBottomView.xib; sourceTree = "<group>"; };
		B0400FB9175F5636005E828A /* MyTopView.xib */ = {isa = PBXFileReference; fileEncoding = 4; lastKnownFileType = file.xib; path = MyTopView.xib; sourceTree = "<group>"; };
		B0400FBB175F73AB005E828A /* playRecord.png */ = {isa = PBXFileReference; lastKnownFileType = image.png; path = playRecord.png; sourceTree = "<group>"; };
		B0400FBC175F73AB005E828A /* playRecord@2x.png */ = {isa = PBXFileReference; lastKnownFileType = image.png; path = "playRecord@2x.png"; sourceTree = "<group>"; };
		B0855802176EAC7500247C66 /* liverpool@2x.jpg */ = {isa = PBXFileReference; lastKnownFileType = image.jpeg; path = "liverpool@2x.jpg"; sourceTree = "<group>"; };
		B0855803176EAC7500247C66 /* newyork@2x.jpg */ = {isa = PBXFileReference; lastKnownFileType = image.jpeg; path = "newyork@2x.jpg"; sourceTree = "<group>"; };
		B0855804176EAC7500247C66 /* rome@2x.jpg */ = {isa = PBXFileReference; lastKnownFileType = image.jpeg; path = "rome@2x.jpg"; sourceTree = "<group>"; };
		B0855805176EAC7500247C66 /* venice@2x.jpg */ = {isa = PBXFileReference; lastKnownFileType = image.jpeg; path = "venice@2x.jpg"; sourceTree = "<group>"; };
		B0855806176EAC7500247C66 /* vientiane@2x.jpg */ = {isa = PBXFileReference; lastKnownFileType = image.jpeg; path = "vientiane@2x.jpg"; sourceTree = "<group>"; };
		B0855807176EAC7500247C66 /* city@2x.jpg */ = {isa = PBXFileReference; lastKnownFileType = image.jpeg; path = "city@2x.jpg"; sourceTree = "<group>"; };
		B085580F176EACA700247C66 /* btn-shadow.png */ = {isa = PBXFileReference; lastKnownFileType = image.png; path = "btn-shadow.png"; sourceTree = "<group>"; };
		B0855810176EACA700247C66 /* btn-shadow@2x.png */ = {isa = PBXFileReference; lastKnownFileType = image.png; path = "btn-shadow@2x.png"; sourceTree = "<group>"; };
		B0855811176EACA700247C66 /* expda-black-linen-background.png */ = {isa = PBXFileReference; lastKnownFileType = image.png; path = "expda-black-linen-background.png"; sourceTree = "<group>"; };
		B0855812176EACA700247C66 /* expda-black-linen-background@2x.png */ = {isa = PBXFileReference; lastKnownFileType = image.png; path = "expda-black-linen-background@2x.png"; sourceTree = "<group>"; };
		B0855813176EACA700247C66 /* expda-gray-linen-background.png */ = {isa = PBXFileReference; lastKnownFileType = image.png; path = "expda-gray-linen-background.png"; sourceTree = "<group>"; };
		B0855814176EACA700247C66 /* expda-gray-linen-background@2x.png */ = {isa = PBXFileReference; lastKnownFileType = image.png; path = "expda-gray-linen-background@2x.png"; sourceTree = "<group>"; };
		B0855815176EACA700247C66 /* expda-launch-background-vignette@2x.png */ = {isa = PBXFileReference; lastKnownFileType = image.png; path = "expda-launch-background-vignette@2x.png"; sourceTree = "<group>"; };
		B0855816176EACA700247C66 /* expda-launch-btn.png */ = {isa = PBXFileReference; lastKnownFileType = image.png; path = "expda-launch-btn.png"; sourceTree = "<group>"; };
		B0855817176EACA700247C66 /* expda-launch-btn@2x.png */ = {isa = PBXFileReference; lastKnownFileType = image.png; path = "expda-launch-btn@2x.png"; sourceTree = "<group>"; };
		B0855818176EACA700247C66 /* expda-launch-divider-and-shadow.png */ = {isa = PBXFileReference; lastKnownFileType = image.png; path = "expda-launch-divider-and-shadow.png"; sourceTree = "<group>"; };
		B0855819176EACA700247C66 /* expda-launch-divider-and-shadow@2x.png */ = {isa = PBXFileReference; lastKnownFileType = image.png; path = "expda-launch-divider-and-shadow@2x.png"; sourceTree = "<group>"; };
		B085581A176EACA700247C66 /* expda-launch-linen.png */ = {isa = PBXFileReference; lastKnownFileType = image.png; path = "expda-launch-linen.png"; sourceTree = "<group>"; };
		B085581B176EACA700247C66 /* expda-launch-linen@2x.png */ = {isa = PBXFileReference; lastKnownFileType = image.png; path = "expda-launch-linen@2x.png"; sourceTree = "<group>"; };
		B085582A176EACCD00247C66 /* LeftCityList.plist */ = {isa = PBXFileReference; fileEncoding = 4; lastKnownFileType = text.plist.xml; path = LeftCityList.plist; sourceTree = "<group>"; };
		B085582B176EACCD00247C66 /* RightCityList.plist */ = {isa = PBXFileReference; fileEncoding = 4; lastKnownFileType = text.plist.xml; path = RightCityList.plist; sourceTree = "<group>"; };
		B085582C176EACCD00247C66 /* Geometric415Medium.ttf */ = {isa = PBXFileReference; lastKnownFileType = file; path = Geometric415Medium.ttf; sourceTree = "<group>"; };
		B0855838176EB3E600247C66 /* Social.framework */ = {isa = PBXFileReference; lastKnownFileType = wrapper.framework; name = Social.framework; path = System/Library/Frameworks/Social.framework; sourceTree = SDKROOT; };
		B085583F176F0AF600247C66 /* MoreView.xib */ = {isa = PBXFileReference; fileEncoding = 4; lastKnownFileType = file.xib; path = MoreView.xib; sourceTree = "<group>"; };
		B0855841176F0B1E00247C66 /* MoreView.h */ = {isa = PBXFileReference; fileEncoding = 4; lastKnownFileType = sourcecode.c.h; path = MoreView.h; sourceTree = "<group>"; };
		B0855842176F0B1F00247C66 /* MoreView.m */ = {isa = PBXFileReference; fileEncoding = 4; lastKnownFileType = sourcecode.c.objc; path = MoreView.m; sourceTree = "<group>"; };
		B0855844176F0E1B00247C66 /* Constants.h */ = {isa = PBXFileReference; fileEncoding = 4; lastKnownFileType = sourcecode.c.h; path = Constants.h; sourceTree = "<group>"; };
		B0855845176F0E1C00247C66 /* Constants.m */ = {isa = PBXFileReference; fileEncoding = 4; lastKnownFileType = sourcecode.c.objc; path = Constants.m; sourceTree = "<group>"; };
		B0AE326F177008E000511EE8 /* ListView.h */ = {isa = PBXFileReference; fileEncoding = 4; lastKnownFileType = sourcecode.c.h; path = ListView.h; sourceTree = "<group>"; };
		B0AE3270177008E000511EE8 /* ListView.m */ = {isa = PBXFileReference; fileEncoding = 4; lastKnownFileType = sourcecode.c.objc; path = ListView.m; sourceTree = "<group>"; };
		B0AE3272177008F300511EE8 /* ListView.xib */ = {isa = PBXFileReference; fileEncoding = 4; lastKnownFileType = file.xib; path = ListView.xib; sourceTree = "<group>"; };
		B0AE3274177034C400511EE8 /* ListCell.h */ = {isa = PBXFileReference; fileEncoding = 4; lastKnownFileType = sourcecode.c.h; path = ListCell.h; sourceTree = "<group>"; };
		B0AE3275177034C500511EE8 /* ListCell.m */ = {isa = PBXFileReference; fileEncoding = 4; lastKnownFileType = sourcecode.c.objc; path = ListCell.m; sourceTree = "<group>"; };
		B0AE3277177034E100511EE8 /* ListCell.xib */ = {isa = PBXFileReference; fileEncoding = 4; lastKnownFileType = file.xib; path = ListCell.xib; sourceTree = "<group>"; };
		B0AE327B1770664700511EE8 /* JMWhenTapped.h */ = {isa = PBXFileReference; fileEncoding = 4; lastKnownFileType = sourcecode.c.h; path = JMWhenTapped.h; sourceTree = "<group>"; };
		B0AE327C1770664700511EE8 /* UIView+WhenTappedBlocks.h */ = {isa = PBXFileReference; fileEncoding = 4; lastKnownFileType = sourcecode.c.h; path = "UIView+WhenTappedBlocks.h"; sourceTree = "<group>"; };
		B0AE327D1770664700511EE8 /* UIView+WhenTappedBlocks.m */ = {isa = PBXFileReference; fileEncoding = 4; lastKnownFileType = sourcecode.c.objc; path = "UIView+WhenTappedBlocks.m"; sourceTree = "<group>"; };
		B0AE3280177142E500511EE8 /* InAppSettings.bundle */ = {isa = PBXFileReference; lastKnownFileType = "wrapper.plug-in"; path = InAppSettings.bundle; sourceTree = "<group>"; };
		B0AE3286177143D700511EE8 /* IASKAppSettingsViewController.h */ = {isa = PBXFileReference; fileEncoding = 4; lastKnownFileType = sourcecode.c.h; path = IASKAppSettingsViewController.h; sourceTree = "<group>"; };
		B0AE3288177143D700511EE8 /* IASKAppSettingsWebViewController.h */ = {isa = PBXFileReference; fileEncoding = 4; lastKnownFileType = sourcecode.c.h; path = IASKAppSettingsWebViewController.h; sourceTree = "<group>"; };
		B0AE3289177143D700511EE8 /* IASKAppSettingsWebViewController.m */ = {isa = PBXFileReference; fileEncoding = 4; lastKnownFileType = sourcecode.c.objc; path = IASKAppSettingsWebViewController.m; sourceTree = "<group>"; };
		B0AE328A177143D700511EE8 /* IASKSpecifierValuesViewController.h */ = {isa = PBXFileReference; fileEncoding = 4; lastKnownFileType = sourcecode.c.h; path = IASKSpecifierValuesViewController.h; sourceTree = "<group>"; };
		B0AE328B177143D700511EE8 /* IASKSpecifierValuesViewController.m */ = {isa = PBXFileReference; fileEncoding = 4; lastKnownFileType = sourcecode.c.objc; path = IASKSpecifierValuesViewController.m; sourceTree = "<group>"; };
		B0AE328D177143D700511EE8 /* IASKSettingsReader.h */ = {isa = PBXFileReference; fileEncoding = 4; lastKnownFileType = sourcecode.c.h; path = IASKSettingsReader.h; sourceTree = "<group>"; };
		B0AE328E177143D700511EE8 /* IASKSettingsReader.m */ = {isa = PBXFileReference; fileEncoding = 4; lastKnownFileType = sourcecode.c.objc; path = IASKSettingsReader.m; sourceTree = "<group>"; };
		B0AE328F177143D700511EE8 /* IASKSettingsStore.h */ = {isa = PBXFileReference; fileEncoding = 4; lastKnownFileType = sourcecode.c.h; path = IASKSettingsStore.h; sourceTree = "<group>"; };
		B0AE3290177143D700511EE8 /* IASKSettingsStore.m */ = {isa = PBXFileReference; fileEncoding = 4; lastKnownFileType = sourcecode.c.objc; path = IASKSettingsStore.m; sourceTree = "<group>"; };
		B0AE3291177143D700511EE8 /* IASKSettingsStoreFile.h */ = {isa = PBXFileReference; fileEncoding = 4; lastKnownFileType = sourcecode.c.h; path = IASKSettingsStoreFile.h; sourceTree = "<group>"; };
		B0AE3292177143D700511EE8 /* IASKSettingsStoreFile.m */ = {isa = PBXFileReference; fileEncoding = 4; lastKnownFileType = sourcecode.c.objc; path = IASKSettingsStoreFile.m; sourceTree = "<group>"; };
		B0AE3293177143D700511EE8 /* IASKSettingsStoreUserDefaults.h */ = {isa = PBXFileReference; fileEncoding = 4; lastKnownFileType = sourcecode.c.h; path = IASKSettingsStoreUserDefaults.h; sourceTree = "<group>"; };
		B0AE3294177143D700511EE8 /* IASKSettingsStoreUserDefaults.m */ = {isa = PBXFileReference; fileEncoding = 4; lastKnownFileType = sourcecode.c.objc; path = IASKSettingsStoreUserDefaults.m; sourceTree = "<group>"; };
		B0AE3295177143D700511EE8 /* IASKSpecifier.h */ = {isa = PBXFileReference; fileEncoding = 4; lastKnownFileType = sourcecode.c.h; path = IASKSpecifier.h; sourceTree = "<group>"; };
		B0AE3296177143D700511EE8 /* IASKSpecifier.m */ = {isa = PBXFileReference; fileEncoding = 4; lastKnownFileType = sourcecode.c.objc; path = IASKSpecifier.m; sourceTree = "<group>"; };
		B0AE3298177143D700511EE8 /* IASKPSSliderSpecifierViewCell.h */ = {isa = PBXFileReference; fileEncoding = 4; lastKnownFileType = sourcecode.c.h; path = IASKPSSliderSpecifierViewCell.h; sourceTree = "<group>"; };
		B0AE3299177143D700511EE8 /* IASKPSSliderSpecifierViewCell.m */ = {isa = PBXFileReference; fileEncoding = 4; lastKnownFileType = sourcecode.c.objc; path = IASKPSSliderSpecifierViewCell.m; sourceTree = "<group>"; };
		B0AE329A177143D700511EE8 /* IASKPSTextFieldSpecifierViewCell.h */ = {isa = PBXFileReference; fileEncoding = 4; lastKnownFileType = sourcecode.c.h; path = IASKPSTextFieldSpecifierViewCell.h; sourceTree = "<group>"; };
		B0AE329B177143D700511EE8 /* IASKPSTextFieldSpecifierViewCell.m */ = {isa = PBXFileReference; fileEncoding = 4; lastKnownFileType = sourcecode.c.objc; path = IASKPSTextFieldSpecifierViewCell.m; sourceTree = "<group>"; };
		B0AE329C177143D700511EE8 /* IASKPSTitleValueSpecifierViewCell.h */ = {isa = PBXFileReference; fileEncoding = 4; lastKnownFileType = sourcecode.c.h; path = IASKPSTitleValueSpecifierViewCell.h; sourceTree = "<group>"; };
		B0AE329D177143D700511EE8 /* IASKPSTitleValueSpecifierViewCell.m */ = {isa = PBXFileReference; fileEncoding = 4; lastKnownFileType = sourcecode.c.objc; path = IASKPSTitleValueSpecifierViewCell.m; sourceTree = "<group>"; };
		B0AE329E177143D700511EE8 /* IASKPSToggleSwitchSpecifierViewCell.h */ = {isa = PBXFileReference; fileEncoding = 4; lastKnownFileType = sourcecode.c.h; path = IASKPSToggleSwitchSpecifierViewCell.h; sourceTree = "<group>"; };
		B0AE329F177143D700511EE8 /* IASKPSToggleSwitchSpecifierViewCell.m */ = {isa = PBXFileReference; fileEncoding = 4; lastKnownFileType = sourcecode.c.objc; path = IASKPSToggleSwitchSpecifierViewCell.m; sourceTree = "<group>"; };
		B0AE32A0177143D700511EE8 /* IASKSlider.h */ = {isa = PBXFileReference; fileEncoding = 4; lastKnownFileType = sourcecode.c.h; path = IASKSlider.h; sourceTree = "<group>"; };
		B0AE32A1177143D700511EE8 /* IASKSlider.m */ = {isa = PBXFileReference; fileEncoding = 4; lastKnownFileType = sourcecode.c.objc; path = IASKSlider.m; sourceTree = "<group>"; };
		B0AE32A2177143D700511EE8 /* IASKSwitch.h */ = {isa = PBXFileReference; fileEncoding = 4; lastKnownFileType = sourcecode.c.h; path = IASKSwitch.h; sourceTree = "<group>"; };
		B0AE32A3177143D800511EE8 /* IASKSwitch.m */ = {isa = PBXFileReference; fileEncoding = 4; lastKnownFileType = sourcecode.c.objc; path = IASKSwitch.m; sourceTree = "<group>"; };
		B0AE32A4177143D800511EE8 /* IASKTextField.h */ = {isa = PBXFileReference; fileEncoding = 4; lastKnownFileType = sourcecode.c.h; path = IASKTextField.h; sourceTree = "<group>"; };
		B0AE32A5177143D800511EE8 /* IASKTextField.m */ = {isa = PBXFileReference; fileEncoding = 4; lastKnownFileType = sourcecode.c.objc; path = IASKTextField.m; sourceTree = "<group>"; };
		B0AE32A7177143D800511EE8 /* IASKAppSettingsView-iPad.xib */ = {isa = PBXFileReference; fileEncoding = 4; lastKnownFileType = file.xib; path = "IASKAppSettingsView-iPad.xib"; sourceTree = "<group>"; };
		B0AE32A8177143D800511EE8 /* IASKAppSettingsView.xib */ = {isa = PBXFileReference; fileEncoding = 4; lastKnownFileType = file.xib; path = IASKAppSettingsView.xib; sourceTree = "<group>"; };
		B0AE32A9177143D800511EE8 /* IASKAppSettingsWebView.xib */ = {isa = PBXFileReference; fileEncoding = 4; lastKnownFileType = file.xib; path = IASKAppSettingsWebView.xib; sourceTree = "<group>"; };
		B0AE32AA177143D800511EE8 /* IASKPSSliderSpecifierViewCell.xib */ = {isa = PBXFileReference; fileEncoding = 4; lastKnownFileType = file.xib; path = IASKPSSliderSpecifierViewCell.xib; sourceTree = "<group>"; };
		B0AE32AB177143D800511EE8 /* IASKPSTextFieldSpecifierViewCell.xib */ = {isa = PBXFileReference; fileEncoding = 4; lastKnownFileType = file.xib; path = IASKPSTextFieldSpecifierViewCell.xib; sourceTree = "<group>"; };
		B0AE32AC177143D800511EE8 /* IASKPSToggleSwitchSpecifierViewCell.xib */ = {isa = PBXFileReference; fileEncoding = 4; lastKnownFileType = file.xib; path = IASKPSToggleSwitchSpecifierViewCell.xib; sourceTree = "<group>"; };
		B0AE32AD177143D800511EE8 /* IASKSpecifierValuesView.xib */ = {isa = PBXFileReference; fileEncoding = 4; lastKnownFileType = file.xib; path = IASKSpecifierValuesView.xib; sourceTree = "<group>"; };
		B0AE32C417714A4F00511EE8 /* MessageUI.framework */ = {isa = PBXFileReference; lastKnownFileType = wrapper.framework; name = MessageUI.framework; path = System/Library/Frameworks/MessageUI.framework; sourceTree = SDKROOT; };
		B0AE32C617714FE000511EE8 /* IASKAppSettingsViewController.m */ = {isa = PBXFileReference; fileEncoding = 4; lastKnownFileType = sourcecode.c.objc; path = IASKAppSettingsViewController.m; sourceTree = "<group>"; };
		B0AFCF03175DD3E1000BE704 /* 20130501_1.jpg */ = {isa = PBXFileReference; lastKnownFileType = image.jpeg; path = 20130501_1.jpg; sourceTree = "<group>"; };
		B0AFCF04175DD3E2000BE704 /* 20130501_2.jpg */ = {isa = PBXFileReference; lastKnownFileType = image.jpeg; path = 20130501_2.jpg; sourceTree = "<group>"; };
		B0AFCF05175DD3E2000BE704 /* 20130501_3.jpg */ = {isa = PBXFileReference; lastKnownFileType = image.jpeg; path = 20130501_3.jpg; sourceTree = "<group>"; };
		B0AFCF06175DD3E2000BE704 /* 20130501_4.jpg */ = {isa = PBXFileReference; lastKnownFileType = image.jpeg; path = 20130501_4.jpg; sourceTree = "<group>"; };
		B0AFCF07175DD3E2000BE704 /* 20130501_5.jpg */ = {isa = PBXFileReference; lastKnownFileType = image.jpeg; path = 20130501_5.jpg; sourceTree = "<group>"; };
		B0AFCF0D175E02AA000BE704 /* 20130501_6.jpg */ = {isa = PBXFileReference; lastKnownFileType = image.jpeg; path = 20130501_6.jpg; sourceTree = "<group>"; };
		B0AFCF0E175E02AA000BE704 /* 20130501_7.jpg */ = {isa = PBXFileReference; lastKnownFileType = image.jpeg; path = 20130501_7.jpg; sourceTree = "<group>"; };
		B0AFCF0F175E02AA000BE704 /* 20130501_8.jpg */ = {isa = PBXFileReference; lastKnownFileType = image.jpeg; path = 20130501_8.jpg; sourceTree = "<group>"; };
		B0AFCF10175E02AA000BE704 /* 20130501_9.jpg */ = {isa = PBXFileReference; lastKnownFileType = image.jpeg; path = 20130501_9.jpg; sourceTree = "<group>"; };
		B0AFCF11175E02AB000BE704 /* 20130501_10.jpg */ = {isa = PBXFileReference; lastKnownFileType = image.jpeg; path = 20130501_10.jpg; sourceTree = "<group>"; };
/* End PBXFileReference section */

/* Begin PBXFrameworksBuildPhase section */
		0A761C72172EAC5900B2A609 /* Frameworks */ = {
			isa = PBXFrameworksBuildPhase;
			buildActionMask = 2147483647;
			files = (
				B0AE32C517714A4F00511EE8 /* MessageUI.framework in Frameworks */,
				B0855839176EB3E600247C66 /* Social.framework in Frameworks */,
				0A761C79172EAC5900B2A609 /* UIKit.framework in Frameworks */,
				0A761C7B172EAC5900B2A609 /* Foundation.framework in Frameworks */,
				0A761C7D172EAC5900B2A609 /* CoreGraphics.framework in Frameworks */,
			);
			runOnlyForDeploymentPostprocessing = 0;
		};
/* End PBXFrameworksBuildPhase section */

/* Begin PBXGroup section */
		0A761C6C172EAC5900B2A609 = {
			isa = PBXGroup;
			children = (
				B0AE32C417714A4F00511EE8 /* MessageUI.framework */,
				B0855838176EB3E600247C66 /* Social.framework */,
				0A761C7E172EAC5900B2A609 /* PathIntro */,
				0A761C77172EAC5900B2A609 /* Frameworks */,
				0A761C76172EAC5900B2A609 /* Products */,
			);
			sourceTree = "<group>";
		};
		0A761C76172EAC5900B2A609 /* Products */ = {
			isa = PBXGroup;
			children = (
				0A761C75172EAC5900B2A609 /* VOAImage.app */,
			);
			name = Products;
			sourceTree = "<group>";
		};
		0A761C77172EAC5900B2A609 /* Frameworks */ = {
			isa = PBXGroup;
			children = (
				0A761C78172EAC5900B2A609 /* UIKit.framework */,
				0A761C7A172EAC5900B2A609 /* Foundation.framework */,
				0A761C7C172EAC5900B2A609 /* CoreGraphics.framework */,
			);
			name = Frameworks;
			sourceTree = "<group>";
		};
		0A761C7E172EAC5900B2A609 /* PathIntro */ = {
			isa = PBXGroup;
			children = (
				B0AE3283177143B800511EE8 /* Reference */,
				0A761C98172ED14000B2A609 /* Class */,
				0A761C87172EAC5900B2A609 /* AppDelegate.h */,
				0A761C88172EAC5900B2A609 /* AppDelegate.m */,
				0A761C95172EAF7F00B2A609 /* ExampleViewController.h */,
				0A761C96172EAF7F00B2A609 /* ExampleViewController.m */,
				B0855844176F0E1B00247C66 /* Constants.h */,
				B0855845176F0E1C00247C66 /* Constants.m */,
				0A761C7F172EAC5900B2A609 /* Supporting Files */,
			);
			path = PathIntro;
			sourceTree = "<group>";
		};
		0A761C7F172EAC5900B2A609 /* Supporting Files */ = {
			isa = PBXGroup;
			children = (
				B0AE327F177142D200511EE8 /* Resources */,
				B0855829176EACBF00247C66 /* list */,
				B0400FA6175F254E005E828A /* img */,
				B0400FA5175F2506005E828A /* database */,
				0A761C80172EAC5900B2A609 /* VOAImage-Info.plist */,
				0A761C81172EAC5900B2A609 /* InfoPlist.strings */,
				0A761C84172EAC5900B2A609 /* main.m */,
				0A761C86172EAC5900B2A609 /* VOAImage-Prefix.pch */,
			);
			name = "Supporting Files";
			sourceTree = "<group>";
		};
		0A761C98172ED14000B2A609 /* Class */ = {
			isa = PBXGroup;
			children = (
				B0AE327917705D6400511EE8 /* my */,
				B034E2B91761D0FA002CA85A /* List */,
				B034E2B81761D0E5002CA85A /* More */,
				0A761C99172ED17B00B2A609 /* IntroControll.h */,
				0A761C9A172ED17B00B2A609 /* IntroControll.m */,
				0A761C9C172ED1D600B2A609 /* IntroModel.h */,
				0A761C9D172ED1D600B2A609 /* IntroModel.m */,
				0A761CA9172EF75800B2A609 /* IntroView.h */,
				0A761CAA172EF75800B2A609 /* IntroView.m */,
				B0400FB1175F5502005E828A /* MyTopView.h */,
				B0400FB2175F5502005E828A /* MyTopView.m */,
				B0400FB9175F5636005E828A /* MyTopView.xib */,
				B0400FB4175F551F005E828A /* MyBottomView.h */,
				B0400FB5175F551F005E828A /* MyBottomView.m */,
				B0400FB7175F5536005E828A /* MyBottomView.xib */,
			);
			name = Class;
			sourceTree = "<group>";
		};
		B034E2B81761D0E5002CA85A /* More */ = {
			isa = PBXGroup;
			children = (
				B0855841176F0B1E00247C66 /* MoreView.h */,
				B0855842176F0B1F00247C66 /* MoreView.m */,
				B085583F176F0AF600247C66 /* MoreView.xib */,
			);
			name = More;
			sourceTree = "<group>";
		};
		B034E2B91761D0FA002CA85A /* List */ = {
			isa = PBXGroup;
			children = (
				B0AE326F177008E000511EE8 /* ListView.h */,
				B0AE3270177008E000511EE8 /* ListView.m */,
				B0AE3272177008F300511EE8 /* ListView.xib */,
				B0AE3274177034C400511EE8 /* ListCell.h */,
				B0AE3275177034C500511EE8 /* ListCell.m */,
				B0AE3277177034E100511EE8 /* ListCell.xib */,
			);
			name = List;
			sourceTree = "<group>";
		};
		B0400FA5175F2506005E828A /* database */ = {
			isa = PBXGroup;
			children = (
				B0400FA8175F25BB005E828A /* voadata.sqlite */,
				B0400FA9175F25BB005E828A /* WORDS.sqlite */,
				B0400FAA175F25BB005E828A /* favvoadata.sqlite */,
			);
			name = database;
			sourceTree = "<group>";
		};
		B0400FA6175F254E005E828A /* img */ = {
			isa = PBXGroup;
			children = (
				B0400FA7175F2574005E828A /* appPng */,
				B0855801176EAC3E00247C66 /* list */,
				B0AFCF0D175E02AA000BE704 /* 20130501_6.jpg */,
				B0AFCF0E175E02AA000BE704 /* 20130501_7.jpg */,
				B0AFCF0F175E02AA000BE704 /* 20130501_8.jpg */,
				B0AFCF10175E02AA000BE704 /* 20130501_9.jpg */,
				B0AFCF11175E02AB000BE704 /* 20130501_10.jpg */,
				B0AFCF03175DD3E1000BE704 /* 20130501_1.jpg */,
				B0AFCF04175DD3E2000BE704 /* 20130501_2.jpg */,
				B0AFCF05175DD3E2000BE704 /* 20130501_3.jpg */,
				B0AFCF06175DD3E2000BE704 /* 20130501_4.jpg */,
				B0AFCF07175DD3E2000BE704 /* 20130501_5.jpg */,
				0A761CAC172F036C00B2A609 /* image1@2x.jpg */,
				0A761CA5172EEE0300B2A609 /* image2@2x.jpg */,
				0A761CA7172EEE0900B2A609 /* image3@2x.jpg */,
				0A761CB2172F075900B2A609 /* shadow@2x.png */,
				B0400FBB175F73AB005E828A /* playRecord.png */,
				B0400FBC175F73AB005E828A /* playRecord@2x.png */,
			);
			name = img;
			sourceTree = "<group>";
		};
		B0400FA7175F2574005E828A /* appPng */ = {
			isa = PBXGroup;
			children = (
				0A761C8A172EAC5900B2A609 /* Default.png */,
				0A761C8C172EAC5900B2A609 /* Default@2x.png */,
				0A761C8E172EAC5900B2A609 /* Default-568h@2x.png */,
			);
			name = appPng;
			sourceTree = "<group>";
		};
		B0855801176EAC3E00247C66 /* list */ = {
			isa = PBXGroup;
			children = (
				B085580E176EAC9B00247C66 /* Expedia Resources */,
				B0855802176EAC7500247C66 /* liverpool@2x.jpg */,
				B0855803176EAC7500247C66 /* newyork@2x.jpg */,
				B0855804176EAC7500247C66 /* rome@2x.jpg */,
				B0855805176EAC7500247C66 /* venice@2x.jpg */,
				B0855806176EAC7500247C66 /* vientiane@2x.jpg */,
				B0855807176EAC7500247C66 /* city@2x.jpg */,
			);
			name = list;
			sourceTree = "<group>";
		};
		B085580E176EAC9B00247C66 /* Expedia Resources */ = {
			isa = PBXGroup;
			children = (
				B085580F176EACA700247C66 /* btn-shadow.png */,
				B0855810176EACA700247C66 /* btn-shadow@2x.png */,
				B0855811176EACA700247C66 /* expda-black-linen-background.png */,
				B0855812176EACA700247C66 /* expda-black-linen-background@2x.png */,
				B0855813176EACA700247C66 /* expda-gray-linen-background.png */,
				B0855814176EACA700247C66 /* expda-gray-linen-background@2x.png */,
				B0855815176EACA700247C66 /* expda-launch-background-vignette@2x.png */,
				B0855816176EACA700247C66 /* expda-launch-btn.png */,
				B0855817176EACA700247C66 /* expda-launch-btn@2x.png */,
				B0855818176EACA700247C66 /* expda-launch-divider-and-shadow.png */,
				B0855819176EACA700247C66 /* expda-launch-divider-and-shadow@2x.png */,
				B085581A176EACA700247C66 /* expda-launch-linen.png */,
				B085581B176EACA700247C66 /* expda-launch-linen@2x.png */,
			);
			name = "Expedia Resources";
			sourceTree = "<group>";
		};
		B0855829176EACBF00247C66 /* list */ = {
			isa = PBXGroup;
			children = (
				B085582A176EACCD00247C66 /* LeftCityList.plist */,
				B085582B176EACCD00247C66 /* RightCityList.plist */,
				B085582C176EACCD00247C66 /* Geometric415Medium.ttf */,
			);
			name = list;
			sourceTree = "<group>";
		};
		B0AE327917705D6400511EE8 /* my */ = {
			isa = PBXGroup;
			children = (
				B0AE327A1770663C00511EE8 /* tap */,
			);
			name = my;
			sourceTree = "<group>";
		};
		B0AE327A1770663C00511EE8 /* tap */ = {
			isa = PBXGroup;
			children = (
				B0AE327B1770664700511EE8 /* JMWhenTapped.h */,
				B0AE327C1770664700511EE8 /* UIView+WhenTappedBlocks.h */,
				B0AE327D1770664700511EE8 /* UIView+WhenTappedBlocks.m */,
			);
			name = tap;
			sourceTree = "<group>";
		};
		B0AE327F177142D200511EE8 /* Resources */ = {
			isa = PBXGroup;
			children = (
				B0AE3280177142E500511EE8 /* InAppSettings.bundle */,
			);
			name = Resources;
			sourceTree = "<group>";
		};
		B0AE3283177143B800511EE8 /* Reference */ = {
			isa = PBXGroup;
			children = (
				B0AE3284177143D700511EE8 /* InAppSettingsKit */,
			);
			name = Reference;
			sourceTree = "<group>";
		};
		B0AE3284177143D700511EE8 /* InAppSettingsKit */ = {
			isa = PBXGroup;
			children = (
				B0AE3285177143D700511EE8 /* Controllers */,
				B0AE328C177143D700511EE8 /* Models */,
				B0AE3297177143D700511EE8 /* Views */,
				B0AE32A6177143D800511EE8 /* Xibs */,
			);
			path = InAppSettingsKit;
			sourceTree = "<group>";
		};
		B0AE3285177143D700511EE8 /* Controllers */ = {
			isa = PBXGroup;
			children = (
				B0AE3286177143D700511EE8 /* IASKAppSettingsViewController.h */,
				B0AE32C617714FE000511EE8 /* IASKAppSettingsViewController.m */,
				B0AE3288177143D700511EE8 /* IASKAppSettingsWebViewController.h */,
				B0AE3289177143D700511EE8 /* IASKAppSettingsWebViewController.m */,
				B0AE328A177143D700511EE8 /* IASKSpecifierValuesViewController.h */,
				B0AE328B177143D700511EE8 /* IASKSpecifierValuesViewController.m */,
			);
			path = Controllers;
			sourceTree = "<group>";
		};
		B0AE328C177143D700511EE8 /* Models */ = {
			isa = PBXGroup;
			children = (
				B0AE328D177143D700511EE8 /* IASKSettingsReader.h */,
				B0AE328E177143D700511EE8 /* IASKSettingsReader.m */,
				B0AE328F177143D700511EE8 /* IASKSettingsStore.h */,
				B0AE3290177143D700511EE8 /* IASKSettingsStore.m */,
				B0AE3291177143D700511EE8 /* IASKSettingsStoreFile.h */,
				B0AE3292177143D700511EE8 /* IASKSettingsStoreFile.m */,
				B0AE3293177143D700511EE8 /* IASKSettingsStoreUserDefaults.h */,
				B0AE3294177143D700511EE8 /* IASKSettingsStoreUserDefaults.m */,
				B0AE3295177143D700511EE8 /* IASKSpecifier.h */,
				B0AE3296177143D700511EE8 /* IASKSpecifier.m */,
			);
			path = Models;
			sourceTree = "<group>";
		};
		B0AE3297177143D700511EE8 /* Views */ = {
			isa = PBXGroup;
			children = (
				B0AE3298177143D700511EE8 /* IASKPSSliderSpecifierViewCell.h */,
				B0AE3299177143D700511EE8 /* IASKPSSliderSpecifierViewCell.m */,
				B0AE329A177143D700511EE8 /* IASKPSTextFieldSpecifierViewCell.h */,
				B0AE329B177143D700511EE8 /* IASKPSTextFieldSpecifierViewCell.m */,
				B0AE329C177143D700511EE8 /* IASKPSTitleValueSpecifierViewCell.h */,
				B0AE329D177143D700511EE8 /* IASKPSTitleValueSpecifierViewCell.m */,
				B0AE329E177143D700511EE8 /* IASKPSToggleSwitchSpecifierViewCell.h */,
				B0AE329F177143D700511EE8 /* IASKPSToggleSwitchSpecifierViewCell.m */,
				B0AE32A0177143D700511EE8 /* IASKSlider.h */,
				B0AE32A1177143D700511EE8 /* IASKSlider.m */,
				B0AE32A2177143D700511EE8 /* IASKSwitch.h */,
				B0AE32A3177143D800511EE8 /* IASKSwitch.m */,
				B0AE32A4177143D800511EE8 /* IASKTextField.h */,
				B0AE32A5177143D800511EE8 /* IASKTextField.m */,
			);
			path = Views;
			sourceTree = "<group>";
		};
		B0AE32A6177143D800511EE8 /* Xibs */ = {
			isa = PBXGroup;
			children = (
				B0AE32A7177143D800511EE8 /* IASKAppSettingsView-iPad.xib */,
				B0AE32A8177143D800511EE8 /* IASKAppSettingsView.xib */,
				B0AE32A9177143D800511EE8 /* IASKAppSettingsWebView.xib */,
				B0AE32AA177143D800511EE8 /* IASKPSSliderSpecifierViewCell.xib */,
				B0AE32AB177143D800511EE8 /* IASKPSTextFieldSpecifierViewCell.xib */,
				B0AE32AC177143D800511EE8 /* IASKPSToggleSwitchSpecifierViewCell.xib */,
				B0AE32AD177143D800511EE8 /* IASKSpecifierValuesView.xib */,
			);
			path = Xibs;
			sourceTree = "<group>";
		};
/* End PBXGroup section */

/* Begin PBXNativeTarget section */
		0A761C74172EAC5900B2A609 /* VOAImage */ = {
			isa = PBXNativeTarget;
			buildConfigurationList = 0A761C92172EAC5900B2A609 /* Build configuration list for PBXNativeTarget "VOAImage" */;
			buildPhases = (
				0A761C71172EAC5900B2A609 /* Sources */,
				0A761C72172EAC5900B2A609 /* Frameworks */,
				0A761C73172EAC5900B2A609 /* Resources */,
			);
			buildRules = (
			);
			dependencies = (
			);
			name = VOAImage;
			productName = PathIntro;
			productReference = 0A761C75172EAC5900B2A609 /* VOAImage.app */;
			productType = "com.apple.product-type.application";
		};
/* End PBXNativeTarget section */

/* Begin PBXProject section */
		0A761C6D172EAC5900B2A609 /* Project object */ = {
			isa = PBXProject;
			attributes = {
				LastUpgradeCheck = 0460;
				ORGANIZATIONNAME = "Dmitry Kondratyev";
			};
			buildConfigurationList = 0A761C70172EAC5900B2A609 /* Build configuration list for PBXProject "VOAImage" */;
			compatibilityVersion = "Xcode 3.2";
			developmentRegion = English;
			hasScannedForEncodings = 0;
			knownRegions = (
				en,
			);
			mainGroup = 0A761C6C172EAC5900B2A609;
			productRefGroup = 0A761C76172EAC5900B2A609 /* Products */;
			projectDirPath = "";
			projectRoot = "";
			targets = (
				0A761C74172EAC5900B2A609 /* VOAImage */,
			);
		};
/* End PBXProject section */

/* Begin PBXResourcesBuildPhase section */
		0A761C73172EAC5900B2A609 /* Resources */ = {
			isa = PBXResourcesBuildPhase;
			buildActionMask = 2147483647;
			files = (
				0A761C83172EAC5900B2A609 /* InfoPlist.strings in Resources */,
				0A761C8B172EAC5900B2A609 /* Default.png in Resources */,
				0A761C8D172EAC5900B2A609 /* Default@2x.png in Resources */,
				0A761C8F172EAC5900B2A609 /* Default-568h@2x.png in Resources */,
				0A761CA6172EEE0300B2A609 /* image2@2x.jpg in Resources */,
				0A761CA8172EEE0900B2A609 /* image3@2x.jpg in Resources */,
				0A761CAD172F036C00B2A609 /* image1@2x.jpg in Resources */,
				0A761CB3172F075900B2A609 /* shadow@2x.png in Resources */,
				B0AFCF08175DD3E2000BE704 /* 20130501_1.jpg in Resources */,
				B0AFCF09175DD3E2000BE704 /* 20130501_2.jpg in Resources */,
				B0AFCF0A175DD3E2000BE704 /* 20130501_3.jpg in Resources */,
				B0AFCF0B175DD3E2000BE704 /* 20130501_4.jpg in Resources */,
				B0AFCF0C175DD3E2000BE704 /* 20130501_5.jpg in Resources */,
				B0AFCF12175E02AB000BE704 /* 20130501_6.jpg in Resources */,
				B0AFCF13175E02AB000BE704 /* 20130501_7.jpg in Resources */,
				B0AFCF14175E02AB000BE704 /* 20130501_8.jpg in Resources */,
				B0AFCF15175E02AB000BE704 /* 20130501_9.jpg in Resources */,
				B0AFCF16175E02AB000BE704 /* 20130501_10.jpg in Resources */,
				B0400FAB175F25BB005E828A /* voadata.sqlite in Resources */,
				B0400FAC175F25BB005E828A /* WORDS.sqlite in Resources */,
				B0400FAD175F25BB005E828A /* favvoadata.sqlite in Resources */,
				B0400FB8175F5536005E828A /* MyBottomView.xib in Resources */,
				B0400FBA175F5636005E828A /* MyTopView.xib in Resources */,
				B0400FBD175F73AB005E828A /* playRecord.png in Resources */,
				B0400FBE175F73AB005E828A /* playRecord@2x.png in Resources */,
				B0855808176EAC7500247C66 /* liverpool@2x.jpg in Resources */,
				B0855809176EAC7500247C66 /* newyork@2x.jpg in Resources */,
				B085580A176EAC7500247C66 /* rome@2x.jpg in Resources */,
				B085580B176EAC7500247C66 /* venice@2x.jpg in Resources */,
				B085580C176EAC7500247C66 /* vientiane@2x.jpg in Resources */,
				B085580D176EAC7500247C66 /* city@2x.jpg in Resources */,
				B085581C176EACA700247C66 /* btn-shadow.png in Resources */,
				B085581D176EACA700247C66 /* btn-shadow@2x.png in Resources */,
				B085581E176EACA700247C66 /* expda-black-linen-background.png in Resources */,
				B085581F176EACA700247C66 /* expda-black-linen-background@2x.png in Resources */,
				B0855820176EACA700247C66 /* expda-gray-linen-background.png in Resources */,
				B0855821176EACA700247C66 /* expda-gray-linen-background@2x.png in Resources */,
				B0855822176EACA700247C66 /* expda-launch-background-vignette@2x.png in Resources */,
				B0855823176EACA700247C66 /* expda-launch-btn.png in Resources */,
				B0855824176EACA700247C66 /* expda-launch-btn@2x.png in Resources */,
				B0855825176EACA700247C66 /* expda-launch-divider-and-shadow.png in Resources */,
				B0855826176EACA700247C66 /* expda-launch-divider-and-shadow@2x.png in Resources */,
				B0855827176EACA700247C66 /* expda-launch-linen.png in Resources */,
				B0855828176EACA700247C66 /* expda-launch-linen@2x.png in Resources */,
				B085582D176EACCD00247C66 /* LeftCityList.plist in Resources */,
				B085582E176EACCD00247C66 /* RightCityList.plist in Resources */,
				B085582F176EACCD00247C66 /* Geometric415Medium.ttf in Resources */,
				B0855840176F0AF700247C66 /* MoreView.xib in Resources */,
				B0AE3273177008F300511EE8 /* ListView.xib in Resources */,
				B0AE3278177034E200511EE8 /* ListCell.xib in Resources */,
				B0AE3281177142E500511EE8 /* InAppSettings.bundle in Resources */,
				B0AE32BD177143D800511EE8 /* IASKAppSettingsView-iPad.xib in Resources */,
				B0AE32BE177143D800511EE8 /* IASKAppSettingsView.xib in Resources */,
				B0AE32BF177143D800511EE8 /* IASKAppSettingsWebView.xib in Resources */,
				B0AE32C0177143D800511EE8 /* IASKPSSliderSpecifierViewCell.xib in Resources */,
				B0AE32C1177143D800511EE8 /* IASKPSTextFieldSpecifierViewCell.xib in Resources */,
				B0AE32C2177143D800511EE8 /* IASKPSToggleSwitchSpecifierViewCell.xib in Resources */,
				B0AE32C3177143D800511EE8 /* IASKSpecifierValuesView.xib in Resources */,
			);
			runOnlyForDeploymentPostprocessing = 0;
		};
/* End PBXResourcesBuildPhase section */

/* Begin PBXSourcesBuildPhase section */
		0A761C71172EAC5900B2A609 /* Sources */ = {
			isa = PBXSourcesBuildPhase;
			buildActionMask = 2147483647;
			files = (
				0A761C85172EAC5900B2A609 /* main.m in Sources */,
				0A761C89172EAC5900B2A609 /* AppDelegate.m in Sources */,
				0A761C97172EAF7F00B2A609 /* ExampleViewController.m in Sources */,
				0A761C9B172ED17B00B2A609 /* IntroControll.m in Sources */,
				0A761C9E172ED1D600B2A609 /* IntroModel.m in Sources */,
				0A761CAB172EF75800B2A609 /* IntroView.m in Sources */,
				B0400FB3175F5502005E828A /* MyTopView.m in Sources */,
				B0400FB6175F551F005E828A /* MyBottomView.m in Sources */,
				B0855843176F0B2000247C66 /* MoreView.m in Sources */,
				B0855846176F0E1D00247C66 /* Constants.m in Sources */,
				B0AE3271177008E000511EE8 /* ListView.m in Sources */,
				B0AE3276177034C500511EE8 /* ListCell.m in Sources */,
				B0AE327E1770664700511EE8 /* UIView+WhenTappedBlocks.m in Sources */,
				B0AE32AF177143D800511EE8 /* IASKAppSettingsWebViewController.m in Sources */,
				B0AE32B0177143D800511EE8 /* IASKSpecifierValuesViewController.m in Sources */,
				B0AE32B1177143D800511EE8 /* IASKSettingsReader.m in Sources */,
				B0AE32B2177143D800511EE8 /* IASKSettingsStore.m in Sources */,
				B0AE32B3177143D800511EE8 /* IASKSettingsStoreFile.m in Sources */,
				B0AE32B4177143D800511EE8 /* IASKSettingsStoreUserDefaults.m in Sources */,
				B0AE32B5177143D800511EE8 /* IASKSpecifier.m in Sources */,
				B0AE32B6177143D800511EE8 /* IASKPSSliderSpecifierViewCell.m in Sources */,
				B0AE32B7177143D800511EE8 /* IASKPSTextFieldSpecifierViewCell.m in Sources */,
				B0AE32B8177143D800511EE8 /* IASKPSTitleValueSpecifierViewCell.m in Sources */,
				B0AE32B9177143D800511EE8 /* IASKPSToggleSwitchSpecifierViewCell.m in Sources */,
				B0AE32BA177143D800511EE8 /* IASKSlider.m in Sources */,
				B0AE32BB177143D800511EE8 /* IASKSwitch.m in Sources */,
				B0AE32BC177143D800511EE8 /* IASKTextField.m in Sources */,
				B0AE32C717714FE000511EE8 /* IASKAppSettingsViewController.m in Sources */,
			);
			runOnlyForDeploymentPostprocessing = 0;
		};
/* End PBXSourcesBuildPhase section */

/* Begin PBXVariantGroup section */
		0A761C81172EAC5900B2A609 /* InfoPlist.strings */ = {
			isa = PBXVariantGroup;
			children = (
				0A761C82172EAC5900B2A609 /* en */,
			);
			name = InfoPlist.strings;
			sourceTree = "<group>";
		};
/* End PBXVariantGroup section */

/* Begin XCBuildConfiguration section */
		0A761C90172EAC5900B2A609 /* Debug */ = {
			isa = XCBuildConfiguration;
			buildSettings = {
				ALWAYS_SEARCH_USER_PATHS = NO;
				CLANG_CXX_LANGUAGE_STANDARD = "gnu++0x";
				CLANG_CXX_LIBRARY = "libc++";
				CLANG_ENABLE_OBJC_ARC = YES;
				CLANG_WARN_CONSTANT_CONVERSION = YES;
				CLANG_WARN_EMPTY_BODY = YES;
				CLANG_WARN_ENUM_CONVERSION = YES;
				CLANG_WARN_INT_CONVERSION = YES;
				CLANG_WARN__DUPLICATE_METHOD_MATCH = YES;
				"CODE_SIGN_IDENTITY[sdk=iphoneos*]" = "iPhone Developer";
				COPY_PHASE_STRIP = NO;
				GCC_C_LANGUAGE_STANDARD = gnu99;
				GCC_DYNAMIC_NO_PIC = NO;
				GCC_OPTIMIZATION_LEVEL = 0;
				GCC_PREPROCESSOR_DEFINITIONS = (
					"DEBUG=1",
					"$(inherited)",
				);
				GCC_SYMBOLS_PRIVATE_EXTERN = NO;
				GCC_WARN_ABOUT_RETURN_TYPE = YES;
				GCC_WARN_UNINITIALIZED_AUTOS = YES;
				GCC_WARN_UNUSED_VARIABLE = YES;
				IPHONEOS_DEPLOYMENT_TARGET = 6.1;
				ONLY_ACTIVE_ARCH = YES;
				SDKROOT = iphoneos;
			};
			name = Debug;
		};
		0A761C91172EAC5900B2A609 /* Release */ = {
			isa = XCBuildConfiguration;
			buildSettings = {
				ALWAYS_SEARCH_USER_PATHS = NO;
				CLANG_CXX_LANGUAGE_STANDARD = "gnu++0x";
				CLANG_CXX_LIBRARY = "libc++";
				CLANG_ENABLE_OBJC_ARC = YES;
				CLANG_WARN_CONSTANT_CONVERSION = YES;
				CLANG_WARN_EMPTY_BODY = YES;
				CLANG_WARN_ENUM_CONVERSION = YES;
				CLANG_WARN_INT_CONVERSION = YES;
				CLANG_WARN__DUPLICATE_METHOD_MATCH = YES;
				"CODE_SIGN_IDENTITY[sdk=iphoneos*]" = "iPhone Developer";
				COPY_PHASE_STRIP = YES;
				GCC_C_LANGUAGE_STANDARD = gnu99;
				GCC_WARN_ABOUT_RETURN_TYPE = YES;
				GCC_WARN_UNINITIALIZED_AUTOS = YES;
				GCC_WARN_UNUSED_VARIABLE = YES;
				IPHONEOS_DEPLOYMENT_TARGET = 6.1;
				OTHER_CFLAGS = "-DNS_BLOCK_ASSERTIONS=1";
				SDKROOT = iphoneos;
				VALIDATE_PRODUCT = YES;
			};
			name = Release;
		};
		0A761C93172EAC5900B2A609 /* Debug */ = {
			isa = XCBuildConfiguration;
			buildSettings = {
				GCC_PRECOMPILE_PREFIX_HEADER = YES;
				GCC_PREFIX_HEADER = "PathIntro/VOAImage-Prefix.pch";
				INFOPLIST_FILE = "PathIntro/VOAImage-Info.plist";
				IPHONEOS_DEPLOYMENT_TARGET = 5.0;
				PRODUCT_NAME = VOAImage;
				WRAPPER_EXTENSION = app;
			};
			name = Debug;
		};
		0A761C94172EAC5900B2A609 /* Release */ = {
			isa = XCBuildConfiguration;
			buildSettings = {
				GCC_PRECOMPILE_PREFIX_HEADER = YES;
				GCC_PREFIX_HEADER = "PathIntro/VOAImage-Prefix.pch";
				INFOPLIST_FILE = "PathIntro/VOAImage-Info.plist";
				IPHONEOS_DEPLOYMENT_TARGET = 5.0;
				PRODUCT_NAME = VOAImage;
				WRAPPER_EXTENSION = app;
			};
			name = Release;
		};
/* End XCBuildConfiguration section */

/* Begin XCConfigurationList section */
		0A761C70172EAC5900B2A609 /* Build configuration list for PBXProject "VOAImage" */ = {
			isa = XCConfigurationList;
			buildConfigurations = (
				0A761C90172EAC5900B2A609 /* Debug */,
				0A761C91172EAC5900B2A609 /* Release */,
			);
			defaultConfigurationIsVisible = 0;
			defaultConfigurationName = Release;
		};
		0A761C92172EAC5900B2A609 /* Build configuration list for PBXNativeTarget "VOAImage" */ = {
			isa = XCConfigurationList;
			buildConfigurations = (
				0A761C93172EAC5900B2A609 /* Debug */,
				0A761C94172EAC5900B2A609 /* Release */,
			);
			defaultConfigurationIsVisible = 0;
			defaultConfigurationName = Release;
		};
/* End XCConfigurationList section */
	};
	rootObject = 0A761C6D172EAC5900B2A609 /* Project object */;
}
